// !$*UTF8*$!
{
	archiveVersion = 1;
	classes = {
	};
	objectVersion = 50;
	objects = {

/* Begin PBXBuildFile section */
		A300291A2160429100984D95 /* RecipeDetailVC.swift in Sources */ = {isa = PBXBuildFile; fileRef = A30029192160429100984D95 /* RecipeDetailVC.swift */; };
		A30BC125215A8B7E0010CBF5 /* AppDelegate.swift in Sources */ = {isa = PBXBuildFile; fileRef = A30BC124215A8B7E0010CBF5 /* AppDelegate.swift */; };
		A30BC127215A8B7E0010CBF5 /* HomeVC.swift in Sources */ = {isa = PBXBuildFile; fileRef = A30BC126215A8B7E0010CBF5 /* HomeVC.swift */; };
		A30BC12A215A8B7E0010CBF5 /* Main.storyboard in Resources */ = {isa = PBXBuildFile; fileRef = A30BC128215A8B7E0010CBF5 /* Main.storyboard */; };
		A30BC12C215A8B800010CBF5 /* Assets.xcassets in Resources */ = {isa = PBXBuildFile; fileRef = A30BC12B215A8B800010CBF5 /* Assets.xcassets */; };
		A30BC12F215A8B800010CBF5 /* LaunchScreen.storyboard in Resources */ = {isa = PBXBuildFile; fileRef = A30BC12D215A8B800010CBF5 /* LaunchScreen.storyboard */; };
		A30BC13A215A8C140010CBF5 /* FoodCategory.swift in Sources */ = {isa = PBXBuildFile; fileRef = A30BC139215A8C140010CBF5 /* FoodCategory.swift */; };
		A30BC13C215A8C790010CBF5 /* Recipe.swift in Sources */ = {isa = PBXBuildFile; fileRef = A30BC13B215A8C790010CBF5 /* Recipe.swift */; };
		A30BC13E215A8CE60010CBF5 /* DataSet.swift in Sources */ = {isa = PBXBuildFile; fileRef = A30BC13D215A8CE60010CBF5 /* DataSet.swift */; };
		A3F5F416215D1BAD005878DC /* CategoryCell.swift in Sources */ = {isa = PBXBuildFile; fileRef = A3F5F415215D1BAD005878DC /* CategoryCell.swift */; };
		A3F5F418215D50C2005878DC /* RecipesSelectionVC.swift in Sources */ = {isa = PBXBuildFile; fileRef = A3F5F417215D50C2005878DC /* RecipesSelectionVC.swift */; };
		A3F5F41A215D69CB005878DC /* RecipeCell.swift in Sources */ = {isa = PBXBuildFile; fileRef = A3F5F419215D69CB005878DC /* RecipeCell.swift */; };
/* End PBXBuildFile section */

/* Begin PBXFileReference section */
		A30029192160429100984D95 /* RecipeDetailVC.swift */ = {isa = PBXFileReference; lastKnownFileType = sourcecode.swift; path = RecipeDetailVC.swift; sourceTree = "<group>"; };
		A30BC121215A8B7E0010CBF5 /* GoodEatins.app */ = {isa = PBXFileReference; explicitFileType = wrapper.application; includeInIndex = 0; path = GoodEatins.app; sourceTree = BUILT_PRODUCTS_DIR; };
		A30BC124215A8B7E0010CBF5 /* AppDelegate.swift */ = {isa = PBXFileReference; lastKnownFileType = sourcecode.swift; path = AppDelegate.swift; sourceTree = "<group>"; };
		A30BC126215A8B7E0010CBF5 /* HomeVC.swift */ = {isa = PBXFileReference; lastKnownFileType = sourcecode.swift; path = HomeVC.swift; sourceTree = "<group>"; };
		A30BC129215A8B7E0010CBF5 /* Base */ = {isa = PBXFileReference; lastKnownFileType = file.storyboard; name = Base; path = Base.lproj/Main.storyboard; sourceTree = "<group>"; };
		A30BC12B215A8B800010CBF5 /* Assets.xcassets */ = {isa = PBXFileReference; lastKnownFileType = folder.assetcatalog; path = Assets.xcassets; sourceTree = "<group>"; };
		A30BC12E215A8B800010CBF5 /* Base */ = {isa = PBXFileReference; lastKnownFileType = file.storyboard; name = Base; path = Base.lproj/LaunchScreen.storyboard; sourceTree = "<group>"; };
		A30BC130215A8B800010CBF5 /* Info.plist */ = {isa = PBXFileReference; lastKnownFileType = text.plist.xml; path = Info.plist; sourceTree = "<group>"; };
		A30BC139215A8C140010CBF5 /* FoodCategory.swift */ = {isa = PBXFileReference; lastKnownFileType = sourcecode.swift; path = FoodCategory.swift; sourceTree = "<group>"; };
		A30BC13B215A8C790010CBF5 /* Recipe.swift */ = {isa = PBXFileReference; lastKnownFileType = sourcecode.swift; path = Recipe.swift; sourceTree = "<group>"; };
		A30BC13D215A8CE60010CBF5 /* DataSet.swift */ = {isa = PBXFileReference; lastKnownFileType = sourcecode.swift; path = DataSet.swift; sourceTree = "<group>"; };
		A3F5F415215D1BAD005878DC /* CategoryCell.swift */ = {isa = PBXFileReference; lastKnownFileType = sourcecode.swift; path = CategoryCell.swift; sourceTree = "<group>"; };
		A3F5F417215D50C2005878DC /* RecipesSelectionVC.swift */ = {isa = PBXFileReference; lastKnownFileType = sourcecode.swift; path = RecipesSelectionVC.swift; sourceTree = "<group>"; };
		A3F5F419215D69CB005878DC /* RecipeCell.swift */ = {isa = PBXFileReference; lastKnownFileType = sourcecode.swift; path = RecipeCell.swift; sourceTree = "<group>"; };
/* End PBXFileReference section */

/* Begin PBXFrameworksBuildPhase section */
		A30BC11E215A8B7E0010CBF5 /* Frameworks */ = {
			isa = PBXFrameworksBuildPhase;
			buildActionMask = 2147483647;
			files = (
			);
			runOnlyForDeploymentPostprocessing = 0;
		};
/* End PBXFrameworksBuildPhase section */

/* Begin PBXGroup section */
		A30BC118215A8B7E0010CBF5 = {
			isa = PBXGroup;
			children = (
				A30BC123215A8B7E0010CBF5 /* GoodEatins */,
				A30BC122215A8B7E0010CBF5 /* Products */,
			);
			sourceTree = "<group>";
		};
		A30BC122215A8B7E0010CBF5 /* Products */ = {
			isa = PBXGroup;
			children = (
				A30BC121215A8B7E0010CBF5 /* GoodEatins.app */,
			);
			name = Products;
			sourceTree = "<group>";
		};
		A30BC123215A8B7E0010CBF5 /* GoodEatins */ = {
			isa = PBXGroup;
			children = (
				A30BC136215A8BE50010CBF5 /* Model */,
				A30BC137215A8BF20010CBF5 /* View */,
				A30BC138215A8BF90010CBF5 /* Controller */,
				A30BC124215A8B7E0010CBF5 /* AppDelegate.swift */,
				A30BC128215A8B7E0010CBF5 /* Main.storyboard */,
				A30BC12B215A8B800010CBF5 /* Assets.xcassets */,
				A30BC12D215A8B800010CBF5 /* LaunchScreen.storyboard */,
				A30BC130215A8B800010CBF5 /* Info.plist */,
			);
			path = GoodEatins;
			sourceTree = "<group>";
		};
		A30BC136215A8BE50010CBF5 /* Model */ = {
			isa = PBXGroup;
			children = (
				A30BC139215A8C140010CBF5 /* FoodCategory.swift */,
				A30BC13B215A8C790010CBF5 /* Recipe.swift */,
				A30BC13D215A8CE60010CBF5 /* DataSet.swift */,
			);
			path = Model;
			sourceTree = "<group>";
		};
		A30BC137215A8BF20010CBF5 /* View */ = {
			isa = PBXGroup;
			children = (
				A3F5F415215D1BAD005878DC /* CategoryCell.swift */,
				A3F5F419215D69CB005878DC /* RecipeCell.swift */,
			);
			path = View;
			sourceTree = "<group>";
		};
		A30BC138215A8BF90010CBF5 /* Controller */ = {
			isa = PBXGroup;
			children = (
				A30BC126215A8B7E0010CBF5 /* HomeVC.swift */,
				A3F5F417215D50C2005878DC /* RecipesSelectionVC.swift */,
				A30029192160429100984D95 /* RecipeDetailVC.swift */,
			);
			path = Controller;
			sourceTree = "<group>";
		};
/* End PBXGroup section */

/* Begin PBXNativeTarget section */
		A30BC120215A8B7E0010CBF5 /* GoodEatins */ = {
			isa = PBXNativeTarget;
			buildConfigurationList = A30BC133215A8B800010CBF5 /* Build configuration list for PBXNativeTarget "GoodEatins" */;
			buildPhases = (
				A30BC11D215A8B7E0010CBF5 /* Sources */,
				A30BC11E215A8B7E0010CBF5 /* Frameworks */,
				A30BC11F215A8B7E0010CBF5 /* Resources */,
			);
			buildRules = (
			);
			dependencies = (
			);
			name = GoodEatins;
			productName = GoodEatins;
			productReference = A30BC121215A8B7E0010CBF5 /* GoodEatins.app */;
			productType = "com.apple.product-type.application";
		};
/* End PBXNativeTarget section */

/* Begin PBXProject section */
		A30BC119215A8B7E0010CBF5 /* Project object */ = {
			isa = PBXProject;
			attributes = {
				LastSwiftUpdateCheck = 1000;
				LastUpgradeCheck = 1000;
				ORGANIZATIONNAME = "Romell Bolton";
				TargetAttributes = {
					A30BC120215A8B7E0010CBF5 = {
						CreatedOnToolsVersion = 10.0;
					};
				};
			};
			buildConfigurationList = A30BC11C215A8B7E0010CBF5 /* Build configuration list for PBXProject "GoodEatins" */;
			compatibilityVersion = "Xcode 9.3";
			developmentRegion = en;
			hasScannedForEncodings = 0;
			knownRegions = (
				en,
				Base,
			);
			mainGroup = A30BC118215A8B7E0010CBF5;
			productRefGroup = A30BC122215A8B7E0010CBF5 /* Products */;
			projectDirPath = "";
			projectRoot = "";
			targets = (
				A30BC120215A8B7E0010CBF5 /* GoodEatins */,
			);
		};
/* End PBXProject section */

/* Begin PBXResourcesBuildPhase section */
		A30BC11F215A8B7E0010CBF5 /* Resources */ = {
			isa = PBXResourcesBuildPhase;
			buildActionMask = 2147483647;
			files = (
				A30BC12F215A8B800010CBF5 /* LaunchScreen.storyboard in Resources */,
				A30BC12C215A8B800010CBF5 /* Assets.xcassets in Resources */,
				A30BC12A215A8B7E0010CBF5 /* Main.storyboard in Resources */,
			);
			runOnlyForDeploymentPostprocessing = 0;
		};
/* End PBXResourcesBuildPhase section */

/* Begin PBXSourcesBuildPhase section */
		A30BC11D215A8B7E0010CBF5 /* Sources */ = {
			isa = PBXSourcesBuildPhase;
			buildActionMask = 2147483647;
			files = (
				A300291A2160429100984D95 /* RecipeDetailVC.swift in Sources */,
				A30BC127215A8B7E0010CBF5 /* HomeVC.swift in Sources */,
				A30BC13E215A8CE60010CBF5 /* DataSet.swift in Sources */,
				A30BC13A215A8C140010CBF5 /* FoodCategory.swift in Sources */,
				A3F5F41A215D69CB005878DC /* RecipeCell.swift in Sources */,
				A30BC125215A8B7E0010CBF5 /* AppDelegate.swift in Sources */,
				A3F5F418215D50C2005878DC /* RecipesSelectionVC.swift in Sources */,
				A30BC13C215A8C790010CBF5 /* Recipe.swift in Sources */,
				A3F5F416215D1BAD005878DC /* CategoryCell.swift in Sources */,
			);
			runOnlyForDeploymentPostprocessing = 0;
		};
/* End PBXSourcesBuildPhase section */

/* Begin PBXVariantGroup section */
		A30BC128215A8B7E0010CBF5 /* Main.storyboard */ = {
			isa = PBXVariantGroup;
			children = (
				A30BC129215A8B7E0010CBF5 /* Base */,
			);
			name = Main.storyboard;
			sourceTree = "<group>";
		};
		A30BC12D215A8B800010CBF5 /* LaunchScreen.storyboard */ = {
			isa = PBXVariantGroup;
			children = (
				A30BC12E215A8B800010CBF5 /* Base */,
			);
			name = LaunchScreen.storyboard;
			sourceTree = "<group>";
		};
/* End PBXVariantGroup section */

/* Begin XCBuildConfiguration section */
		A30BC131215A8B800010CBF5 /* Debug */ = {
			isa = XCBuildConfiguration;
			buildSettings = {
				ALWAYS_SEARCH_USER_PATHS = NO;
				CLANG_ANALYZER_NONNULL = YES;
				CLANG_ANALYZER_NUMBER_OBJECT_CONVERSION = YES_AGGRESSIVE;
				CLANG_CXX_LANGUAGE_STANDARD = "gnu++14";
				CLANG_CXX_LIBRARY = "libc++";
				CLANG_ENABLE_MODULES = YES;
				CLANG_ENABLE_OBJC_ARC = YES;
				CLANG_ENABLE_OBJC_WEAK = YES;
				CLANG_WARN_BLOCK_CAPTURE_AUTORELEASING = YES;
				CLANG_WARN_BOOL_CONVERSION = YES;
				CLANG_WARN_COMMA = YES;
				CLANG_WARN_CONSTANT_CONVERSION = YES;
				CLANG_WARN_DEPRECATED_OBJC_IMPLEMENTATIONS = YES;
				CLANG_WARN_DIRECT_OBJC_ISA_USAGE = YES_ERROR;
				CLANG_WARN_DOCUMENTATION_COMMENTS = YES;
				CLANG_WARN_EMPTY_BODY = YES;
				CLANG_WARN_ENUM_CONVERSION = YES;
				CLANG_WARN_INFINITE_RECURSION = YES;
				CLANG_WARN_INT_CONVERSION = YES;
				CLANG_WARN_NON_LITERAL_NULL_CONVERSION = YES;
				CLANG_WARN_OBJC_IMPLICIT_RETAIN_SELF = YES;
				CLANG_WARN_OBJC_LITERAL_CONVERSION = YES;
				CLANG_WARN_OBJC_ROOT_CLASS = YES_ERROR;
				CLANG_WARN_RANGE_LOOP_ANALYSIS = YES;
				CLANG_WARN_STRICT_PROTOTYPES = YES;
				CLANG_WARN_SUSPICIOUS_MOVE = YES;
				CLANG_WARN_UNGUARDED_AVAILABILITY = YES_AGGRESSIVE;
				CLANG_WARN_UNREACHABLE_CODE = YES;
				CLANG_WARN__DUPLICATE_METHOD_MATCH = YES;
				CODE_SIGN_IDENTITY = "iPhone Developer";
				COPY_PHASE_STRIP = NO;
				DEBUG_INFORMATION_FORMAT = dwarf;
				ENABLE_STRICT_OBJC_MSGSEND = YES;
				ENABLE_TESTABILITY = YES;
				GCC_C_LANGUAGE_STANDARD = gnu11;
				GCC_DYNAMIC_NO_PIC = NO;
				GCC_NO_COMMON_BLOCKS = YES;
				GCC_OPTIMIZATION_LEVEL = 0;
				GCC_PREPROCESSOR_DEFINITIONS = (
					"DEBUG=1",
					"$(inherited)",
				);
				GCC_WARN_64_TO_32_BIT_CONVERSION = YES;
				GCC_WARN_ABOUT_RETURN_TYPE = YES_ERROR;
				GCC_WARN_UNDECLARED_SELECTOR = YES;
				GCC_WARN_UNINITIALIZED_AUTOS = YES_AGGRESSIVE;
				GCC_WARN_UNUSED_FUNCTION = YES;
				GCC_WARN_UNUSED_VARIABLE = YES;
				IPHONEOS_DEPLOYMENT_TARGET = 12.0;
				MTL_ENABLE_DEBUG_INFO = INCLUDE_SOURCE;
				MTL_FAST_MATH = YES;
				ONLY_ACTIVE_ARCH = YES;
				SDKROOT = iphoneos;
				SWIFT_ACTIVE_COMPILATION_CONDITIONS = DEBUG;
				SWIFT_OPTIMIZATION_LEVEL = "-Onone";
			};
			name = Debug;
		};
		A30BC132215A8B800010CBF5 /* Release */ = {
			isa = XCBuildConfiguration;
			buildSettings = {
				ALWAYS_SEARCH_USER_PATHS = NO;
				CLANG_ANALYZER_NONNULL = YES;
				CLANG_ANALYZER_NUMBER_OBJECT_CONVERSION = YES_AGGRESSIVE;
				CLANG_CXX_LANGUAGE_STANDARD = "gnu++14";
				CLANG_CXX_LIBRARY = "libc++";
				CLANG_ENABLE_MODULES = YES;
				CLANG_ENABLE_OBJC_ARC = YES;
				CLANG_ENABLE_OBJC_WEAK = YES;
				CLANG_WARN_BLOCK_CAPTURE_AUTORELEASING = YES;
				CLANG_WARN_BOOL_CONVERSION = YES;
				CLANG_WARN_COMMA = YES;
				CLANG_WARN_CONSTANT_CONVERSION = YES;
				CLANG_WARN_DEPRECATED_OBJC_IMPLEMENTATIONS = YES;
				CLANG_WARN_DIRECT_OBJC_ISA_USAGE = YES_ERROR;
				CLANG_WARN_DOCUMENTATION_COMMENTS = YES;
				CLANG_WARN_EMPTY_BODY = YES;
				CLANG_WARN_ENUM_CONVERSION = YES;
				CLANG_WARN_INFINITE_RECURSION = YES;
				CLANG_WARN_INT_CONVERSION = YES;
				CLANG_WARN_NON_LITERAL_NULL_CONVERSION = YES;
				CLANG_WARN_OBJC_IMPLICIT_RETAIN_SELF = YES;
				CLANG_WARN_OBJC_LITERAL_CONVERSION = YES;
				CLANG_WARN_OBJC_ROOT_CLASS = YES_ERROR;
				CLANG_WARN_RANGE_LOOP_ANALYSIS = YES;
				CLANG_WARN_STRICT_PROTOTYPES = YES;
				CLANG_WARN_SUSPICIOUS_MOVE = YES;
				CLANG_WARN_UNGUARDED_AVAILABILITY = YES_AGGRESSIVE;
				CLANG_WARN_UNREACHABLE_CODE = YES;
				CLANG_WARN__DUPLICATE_METHOD_MATCH = YES;
				CODE_SIGN_IDENTITY = "iPhone Developer";
				COPY_PHASE_STRIP = NO;
				DEBUG_INFORMATION_FORMAT = "dwarf-with-dsym";
				ENABLE_NS_ASSERTIONS = NO;
				ENABLE_STRICT_OBJC_MSGSEND = YES;
				GCC_C_LANGUAGE_STANDARD = gnu11;
				GCC_NO_COMMON_BLOCKS = YES;
				GCC_WARN_64_TO_32_BIT_CONVERSION = YES;
				GCC_WARN_ABOUT_RETURN_TYPE = YES_ERROR;
				GCC_WARN_UNDECLARED_SELECTOR = YES;
				GCC_WARN_UNINITIALIZED_AUTOS = YES_AGGRESSIVE;
				GCC_WARN_UNUSED_FUNCTION = YES;
				GCC_WARN_UNUSED_VARIABLE = YES;
				IPHONEOS_DEPLOYMENT_TARGET = 12.0;
				MTL_ENABLE_DEBUG_INFO = NO;
				MTL_FAST_MATH = YES;
				SDKROOT = iphoneos;
				SWIFT_COMPILATION_MODE = wholemodule;
				SWIFT_OPTIMIZATION_LEVEL = "-O";
				VALIDATE_PRODUCT = YES;
			};
			name = Release;
		};
		A30BC134215A8B800010CBF5 /* Debug */ = {
			isa = XCBuildConfiguration;
			buildSettings = {
				ASSETCATALOG_COMPILER_APPICON_NAME = AppIcon;
				CODE_SIGN_STYLE = Automatic;
				DEVELOPMENT_TEAM = XQ87AL2NL5;
				INFOPLIST_FILE = GoodEatins/Info.plist;
				LD_RUNPATH_SEARCH_PATHS = (
					"$(inherited)",
					"@executable_path/Frameworks",
				);
				PRODUCT_BUNDLE_IDENTIFIER = com.romellbolton.GoodEatins;
				PRODUCT_NAME = "$(TARGET_NAME)";
				SWIFT_VERSION = 4.2;
				TARGETED_DEVICE_FAMILY = "1,2";
			};
			name = Debug;
		};
		A30BC135215A8B800010CBF5 /* Release */ = {
			isa = XCBuildConfiguration;
			buildSettings = {
				ASSETCATALOG_COMPILER_APPICON_NAME = AppIcon;
				CODE_SIGN_STYLE = Automatic;
				DEVELOPMENT_TEAM = XQ87AL2NL5;
				INFOPLIST_FILE = GoodEatins/Info.plist;
				LD_RUNPATH_SEARCH_PATHS = (
					"$(inherited)",
					"@executable_path/Frameworks",
				);
				PRODUCT_BUNDLE_IDENTIFIER = com.romellbolton.GoodEatins;
				PRODUCT_NAME = "$(TARGET_NAME)";
				SWIFT_VERSION = 4.2;
				TARGETED_DEVICE_FAMILY = "1,2";
			};
			name = Release;
		};
/* End XCBuildConfiguration section */

/* Begin XCConfigurationList section */
		A30BC11C215A8B7E0010CBF5 /* Build configuration list for PBXProject "GoodEatins" */ = {
			isa = XCConfigurationList;
			buildConfigurations = (
				A30BC131215A8B800010CBF5 /* Debug */,
				A30BC132215A8B800010CBF5 /* Release */,
			);
			defaultConfigurationIsVisible = 0;
			defaultConfigurationName = Release;
		};
		A30BC133215A8B800010CBF5 /* Build configuration list for PBXNativeTarget "GoodEatins" */ = {
			isa = XCConfigurationList;
			buildConfigurations = (
				A30BC134215A8B800010CBF5 /* Debug */,
				A30BC135215A8B800010CBF5 /* Release */,
			);
			defaultConfigurationIsVisible = 0;
			defaultConfigurationName = Release;
		};
/* End XCConfigurationList section */
	};
	rootObject = A30BC119215A8B7E0010CBF5 /* Project object */;
}
