// !$*UTF8*$!
{
	archiveVersion = 1;
	classes = {
	};
	objectVersion = 50;
	objects = {

/* Begin PBXBuildFile section */
		A364B5DD21596E4B0039177F /* AppDelegate.swift in Sources */ = {isa = PBXBuildFile; fileRef = A364B5DC21596E4B0039177F /* AppDelegate.swift */; };
		A364B5DF21596E4C0039177F /* ViewController.swift in Sources */ = {isa = PBXBuildFile; fileRef = A364B5DE21596E4C0039177F /* ViewController.swift */; };
		A364B5E221596E4C0039177F /* Main.storyboard in Resources */ = {isa = PBXBuildFile; fileRef = A364B5E021596E4C0039177F /* Main.storyboard */; };
		A364B5E421596E4D0039177F /* Assets.xcassets in Resources */ = {isa = PBXBuildFile; fileRef = A364B5E321596E4D0039177F /* Assets.xcassets */; };
		A364B5E721596E4D0039177F /* LaunchScreen.storyboard in Resources */ = {isa = PBXBuildFile; fileRef = A364B5E521596E4D0039177F /* LaunchScreen.storyboard */; };
		A3EF620721597D980094FB60 /* CustomView.swift in Sources */ = {isa = PBXBuildFile; fileRef = A3EF620621597D980094FB60 /* CustomView.swift */; };
		A3EF6209215981BA0094FB60 /* Movie.swift in Sources */ = {isa = PBXBuildFile; fileRef = A3EF6208215981BA0094FB60 /* Movie.swift */; };
		A3EF620C215982990094FB60 /* Incredibles.swift in Sources */ = {isa = PBXBuildFile; fileRef = A3EF620B215982990094FB60 /* Incredibles.swift */; };
/* End PBXBuildFile section */

/* Begin PBXFileReference section */
		A364B5D921596E4B0039177F /* MVC.app */ = {isa = PBXFileReference; explicitFileType = wrapper.application; includeInIndex = 0; path = MVC.app; sourceTree = BUILT_PRODUCTS_DIR; };
		A364B5DC21596E4B0039177F /* AppDelegate.swift */ = {isa = PBXFileReference; lastKnownFileType = sourcecode.swift; path = AppDelegate.swift; sourceTree = "<group>"; };
		A364B5DE21596E4C0039177F /* ViewController.swift */ = {isa = PBXFileReference; lastKnownFileType = sourcecode.swift; path = ViewController.swift; sourceTree = "<group>"; };
		A364B5E121596E4C0039177F /* Base */ = {isa = PBXFileReference; lastKnownFileType = file.storyboard; name = Base; path = Base.lproj/Main.storyboard; sourceTree = "<group>"; };
		A364B5E321596E4D0039177F /* Assets.xcassets */ = {isa = PBXFileReference; lastKnownFileType = folder.assetcatalog; path = Assets.xcassets; sourceTree = "<group>"; };
		A364B5E621596E4D0039177F /* Base */ = {isa = PBXFileReference; lastKnownFileType = file.storyboard; name = Base; path = Base.lproj/LaunchScreen.storyboard; sourceTree = "<group>"; };
		A364B5E821596E4D0039177F /* Info.plist */ = {isa = PBXFileReference; lastKnownFileType = text.plist.xml; path = Info.plist; sourceTree = "<group>"; };
		A3EF620621597D980094FB60 /* CustomView.swift */ = {isa = PBXFileReference; lastKnownFileType = sourcecode.swift; path = CustomView.swift; sourceTree = "<group>"; };
		A3EF6208215981BA0094FB60 /* Movie.swift */ = {isa = PBXFileReference; lastKnownFileType = sourcecode.swift; path = Movie.swift; sourceTree = "<group>"; };
		A3EF620B215982990094FB60 /* Incredibles.swift */ = {isa = PBXFileReference; lastKnownFileType = sourcecode.swift; path = Incredibles.swift; sourceTree = "<group>"; };
/* End PBXFileReference section */

/* Begin PBXFrameworksBuildPhase section */
		A364B5D621596E4B0039177F /* Frameworks */ = {
			isa = PBXFrameworksBuildPhase;
			buildActionMask = 2147483647;
			files = (
			);
			runOnlyForDeploymentPostprocessing = 0;
		};
/* End PBXFrameworksBuildPhase section */

/* Begin PBXGroup section */
		A364B5D021596E4B0039177F = {
			isa = PBXGroup;
			children = (
				A364B5DB21596E4B0039177F /* MVC */,
				A364B5DA21596E4B0039177F /* Products */,
			);
			sourceTree = "<group>";
		};
		A364B5DA21596E4B0039177F /* Products */ = {
			isa = PBXGroup;
			children = (
				A364B5D921596E4B0039177F /* MVC.app */,
			);
			name = Products;
			sourceTree = "<group>";
		};
		A364B5DB21596E4B0039177F /* MVC */ = {
			isa = PBXGroup;
			children = (
				A3EF620A215982850094FB60 /* Helpers */,
				A364B5EE21596E810039177F /* Model */,
				A364B5EF21596E940039177F /* View */,
				A364B5F021596E9B0039177F /* Controller */,
				A364B5DC21596E4B0039177F /* AppDelegate.swift */,
				A364B5E021596E4C0039177F /* Main.storyboard */,
				A364B5E321596E4D0039177F /* Assets.xcassets */,
				A364B5E521596E4D0039177F /* LaunchScreen.storyboard */,
				A364B5E821596E4D0039177F /* Info.plist */,
			);
			path = MVC;
			sourceTree = "<group>";
		};
		A364B5EE21596E810039177F /* Model */ = {
			isa = PBXGroup;
			children = (
				A3EF6208215981BA0094FB60 /* Movie.swift */,
			);
			path = Model;
			sourceTree = "<group>";
		};
		A364B5EF21596E940039177F /* View */ = {
			isa = PBXGroup;
			children = (
				A3EF620621597D980094FB60 /* CustomView.swift */,
			);
			path = View;
			sourceTree = "<group>";
		};
		A364B5F021596E9B0039177F /* Controller */ = {
			isa = PBXGroup;
			children = (
				A364B5DE21596E4C0039177F /* ViewController.swift */,
			);
			path = Controller;
			sourceTree = "<group>";
		};
		A3EF620A215982850094FB60 /* Helpers */ = {
			isa = PBXGroup;
			children = (
				A3EF620B215982990094FB60 /* Incredibles.swift */,
			);
			path = Helpers;
			sourceTree = "<group>";
		};
/* End PBXGroup section */

/* Begin PBXNativeTarget section */
		A364B5D821596E4B0039177F /* MVC */ = {
			isa = PBXNativeTarget;
			buildConfigurationList = A364B5EB21596E4D0039177F /* Build configuration list for PBXNativeTarget "MVC" */;
			buildPhases = (
				A364B5D521596E4B0039177F /* Sources */,
				A364B5D621596E4B0039177F /* Frameworks */,
				A364B5D721596E4B0039177F /* Resources */,
			);
			buildRules = (
			);
			dependencies = (
			);
			name = MVC;
			productName = MVC;
			productReference = A364B5D921596E4B0039177F /* MVC.app */;
			productType = "com.apple.product-type.application";
		};
/* End PBXNativeTarget section */

/* Begin PBXProject section */
		A364B5D121596E4B0039177F /* Project object */ = {
			isa = PBXProject;
			attributes = {
				LastSwiftUpdateCheck = 1000;
				LastUpgradeCheck = 1000;
				ORGANIZATIONNAME = "Romell Bolton";
				TargetAttributes = {
					A364B5D821596E4B0039177F = {
						CreatedOnToolsVersion = 10.0;
					};
				};
			};
			buildConfigurationList = A364B5D421596E4B0039177F /* Build configuration list for PBXProject "MVC" */;
			compatibilityVersion = "Xcode 9.3";
			developmentRegion = en;
			hasScannedForEncodings = 0;
			knownRegions = (
				en,
				Base,
			);
			mainGroup = A364B5D021596E4B0039177F;
			productRefGroup = A364B5DA21596E4B0039177F /* Products */;
			projectDirPath = "";
			projectRoot = "";
			targets = (
				A364B5D821596E4B0039177F /* MVC */,
			);
		};
/* End PBXProject section */

/* Begin PBXResourcesBuildPhase section */
		A364B5D721596E4B0039177F /* Resources */ = {
			isa = PBXResourcesBuildPhase;
			buildActionMask = 2147483647;
			files = (
				A364B5E721596E4D0039177F /* LaunchScreen.storyboard in Resources */,
				A364B5E421596E4D0039177F /* Assets.xcassets in Resources */,
				A364B5E221596E4C0039177F /* Main.storyboard in Resources */,
			);
			runOnlyForDeploymentPostprocessing = 0;
		};
/* End PBXResourcesBuildPhase section */

/* Begin PBXSourcesBuildPhase section */
		A364B5D521596E4B0039177F /* Sources */ = {
			isa = PBXSourcesBuildPhase;
			buildActionMask = 2147483647;
			files = (
				A3EF620721597D980094FB60 /* CustomView.swift in Sources */,
				A364B5DF21596E4C0039177F /* ViewController.swift in Sources */,
				A3EF620C215982990094FB60 /* Incredibles.swift in Sources */,
				A3EF6209215981BA0094FB60 /* Movie.swift in Sources */,
				A364B5DD21596E4B0039177F /* AppDelegate.swift in Sources */,
			);
			runOnlyForDeploymentPostprocessing = 0;
		};
/* End PBXSourcesBuildPhase section */

/* Begin PBXVariantGroup section */
		A364B5E021596E4C0039177F /* Main.storyboard */ = {
			isa = PBXVariantGroup;
			children = (
				A364B5E121596E4C0039177F /* Base */,
			);
			name = Main.storyboard;
			sourceTree = "<group>";
		};
		A364B5E521596E4D0039177F /* LaunchScreen.storyboard */ = {
			isa = PBXVariantGroup;
			children = (
				A364B5E621596E4D0039177F /* Base */,
			);
			name = LaunchScreen.storyboard;
			sourceTree = "<group>";
		};
/* End PBXVariantGroup section */

/* Begin XCBuildConfiguration section */
		A364B5E921596E4D0039177F /* Debug */ = {
			isa = XCBuildConfiguration;
			buildSettings = {
				ALWAYS_SEARCH_USER_PATHS = NO;
				CLANG_ANALYZER_NONNULL = YES;
				CLANG_ANALYZER_NUMBER_OBJECT_CONVERSION = YES_AGGRESSIVE;
				CLANG_CXX_LANGUAGE_STANDARD = "gnu++14";
				CLANG_CXX_LIBRARY = "libc++";
				CLANG_ENABLE_MODULES = YES;
				CLANG_ENABLE_OBJC_ARC = YES;
				CLANG_ENABLE_OBJC_WEAK = YES;
				CLANG_WARN_BLOCK_CAPTURE_AUTORELEASING = YES;
				CLANG_WARN_BOOL_CONVERSION = YES;
				CLANG_WARN_COMMA = YES;
				CLANG_WARN_CONSTANT_CONVERSION = YES;
				CLANG_WARN_DEPRECATED_OBJC_IMPLEMENTATIONS = YES;
				CLANG_WARN_DIRECT_OBJC_ISA_USAGE = YES_ERROR;
				CLANG_WARN_DOCUMENTATION_COMMENTS = YES;
				CLANG_WARN_EMPTY_BODY = YES;
				CLANG_WARN_ENUM_CONVERSION = YES;
				CLANG_WARN_INFINITE_RECURSION = YES;
				CLANG_WARN_INT_CONVERSION = YES;
				CLANG_WARN_NON_LITERAL_NULL_CONVERSION = YES;
				CLANG_WARN_OBJC_IMPLICIT_RETAIN_SELF = YES;
				CLANG_WARN_OBJC_LITERAL_CONVERSION = YES;
				CLANG_WARN_OBJC_ROOT_CLASS = YES_ERROR;
				CLANG_WARN_RANGE_LOOP_ANALYSIS = YES;
				CLANG_WARN_STRICT_PROTOTYPES = YES;
				CLANG_WARN_SUSPICIOUS_MOVE = YES;
				CLANG_WARN_UNGUARDED_AVAILABILITY = YES_AGGRESSIVE;
				CLANG_WARN_UNREACHABLE_CODE = YES;
				CLANG_WARN__DUPLICATE_METHOD_MATCH = YES;
				CODE_SIGN_IDENTITY = "iPhone Developer";
				COPY_PHASE_STRIP = NO;
				DEBUG_INFORMATION_FORMAT = dwarf;
				ENABLE_STRICT_OBJC_MSGSEND = YES;
				ENABLE_TESTABILITY = YES;
				GCC_C_LANGUAGE_STANDARD = gnu11;
				GCC_DYNAMIC_NO_PIC = NO;
				GCC_NO_COMMON_BLOCKS = YES;
				GCC_OPTIMIZATION_LEVEL = 0;
				GCC_PREPROCESSOR_DEFINITIONS = (
					"DEBUG=1",
					"$(inherited)",
				);
				GCC_WARN_64_TO_32_BIT_CONVERSION = YES;
				GCC_WARN_ABOUT_RETURN_TYPE = YES_ERROR;
				GCC_WARN_UNDECLARED_SELECTOR = YES;
				GCC_WARN_UNINITIALIZED_AUTOS = YES_AGGRESSIVE;
				GCC_WARN_UNUSED_FUNCTION = YES;
				GCC_WARN_UNUSED_VARIABLE = YES;
				IPHONEOS_DEPLOYMENT_TARGET = 12.0;
				MTL_ENABLE_DEBUG_INFO = INCLUDE_SOURCE;
				MTL_FAST_MATH = YES;
				ONLY_ACTIVE_ARCH = YES;
				SDKROOT = iphoneos;
				SWIFT_ACTIVE_COMPILATION_CONDITIONS = DEBUG;
				SWIFT_OPTIMIZATION_LEVEL = "-Onone";
			};
			name = Debug;
		};
		A364B5EA21596E4D0039177F /* Release */ = {
			isa = XCBuildConfiguration;
			buildSettings = {
				ALWAYS_SEARCH_USER_PATHS = NO;
				CLANG_ANALYZER_NONNULL = YES;
				CLANG_ANALYZER_NUMBER_OBJECT_CONVERSION = YES_AGGRESSIVE;
				CLANG_CXX_LANGUAGE_STANDARD = "gnu++14";
				CLANG_CXX_LIBRARY = "libc++";
				CLANG_ENABLE_MODULES = YES;
				CLANG_ENABLE_OBJC_ARC = YES;
				CLANG_ENABLE_OBJC_WEAK = YES;
				CLANG_WARN_BLOCK_CAPTURE_AUTORELEASING = YES;
				CLANG_WARN_BOOL_CONVERSION = YES;
				CLANG_WARN_COMMA = YES;
				CLANG_WARN_CONSTANT_CONVERSION = YES;
				CLANG_WARN_DEPRECATED_OBJC_IMPLEMENTATIONS = YES;
				CLANG_WARN_DIRECT_OBJC_ISA_USAGE = YES_ERROR;
				CLANG_WARN_DOCUMENTATION_COMMENTS = YES;
				CLANG_WARN_EMPTY_BODY = YES;
				CLANG_WARN_ENUM_CONVERSION = YES;
				CLANG_WARN_INFINITE_RECURSION = YES;
				CLANG_WARN_INT_CONVERSION = YES;
				CLANG_WARN_NON_LITERAL_NULL_CONVERSION = YES;
				CLANG_WARN_OBJC_IMPLICIT_RETAIN_SELF = YES;
				CLANG_WARN_OBJC_LITERAL_CONVERSION = YES;
				CLANG_WARN_OBJC_ROOT_CLASS = YES_ERROR;
				CLANG_WARN_RANGE_LOOP_ANALYSIS = YES;
				CLANG_WARN_STRICT_PROTOTYPES = YES;
				CLANG_WARN_SUSPICIOUS_MOVE = YES;
				CLANG_WARN_UNGUARDED_AVAILABILITY = YES_AGGRESSIVE;
				CLANG_WARN_UNREACHABLE_CODE = YES;
				CLANG_WARN__DUPLICATE_METHOD_MATCH = YES;
				CODE_SIGN_IDENTITY = "iPhone Developer";
				COPY_PHASE_STRIP = NO;
				DEBUG_INFORMATION_FORMAT = "dwarf-with-dsym";
				ENABLE_NS_ASSERTIONS = NO;
				ENABLE_STRICT_OBJC_MSGSEND = YES;
				GCC_C_LANGUAGE_STANDARD = gnu11;
				GCC_NO_COMMON_BLOCKS = YES;
				GCC_WARN_64_TO_32_BIT_CONVERSION = YES;
				GCC_WARN_ABOUT_RETURN_TYPE = YES_ERROR;
				GCC_WARN_UNDECLARED_SELECTOR = YES;
				GCC_WARN_UNINITIALIZED_AUTOS = YES_AGGRESSIVE;
				GCC_WARN_UNUSED_FUNCTION = YES;
				GCC_WARN_UNUSED_VARIABLE = YES;
				IPHONEOS_DEPLOYMENT_TARGET = 12.0;
				MTL_ENABLE_DEBUG_INFO = NO;
				MTL_FAST_MATH = YES;
				SDKROOT = iphoneos;
				SWIFT_COMPILATION_MODE = wholemodule;
				SWIFT_OPTIMIZATION_LEVEL = "-O";
				VALIDATE_PRODUCT = YES;
			};
			name = Release;
		};
		A364B5EC21596E4D0039177F /* Debug */ = {
			isa = XCBuildConfiguration;
			buildSettings = {
				ASSETCATALOG_COMPILER_APPICON_NAME = AppIcon;
				CODE_SIGN_STYLE = Automatic;
				INFOPLIST_FILE = MVC/Info.plist;
				LD_RUNPATH_SEARCH_PATHS = (
					"$(inherited)",
					"@executable_path/Frameworks",
				);
				PRODUCT_BUNDLE_IDENTIFIER = com.romellbolton.MVC;
				PRODUCT_NAME = "$(TARGET_NAME)";
				SWIFT_VERSION = 4.2;
				TARGETED_DEVICE_FAMILY = "1,2";
			};
			name = Debug;
		};
		A364B5ED21596E4D0039177F /* Release */ = {
			isa = XCBuildConfiguration;
			buildSettings = {
				ASSETCATALOG_COMPILER_APPICON_NAME = AppIcon;
				CODE_SIGN_STYLE = Automatic;
				INFOPLIST_FILE = MVC/Info.plist;
				LD_RUNPATH_SEARCH_PATHS = (
					"$(inherited)",
					"@executable_path/Frameworks",
				);
				PRODUCT_BUNDLE_IDENTIFIER = com.romellbolton.MVC;
				PRODUCT_NAME = "$(TARGET_NAME)";
				SWIFT_VERSION = 4.2;
				TARGETED_DEVICE_FAMILY = "1,2";
			};
			name = Release;
		};
/* End XCBuildConfiguration section */

/* Begin XCConfigurationList section */
		A364B5D421596E4B0039177F /* Build configuration list for PBXProject "MVC" */ = {
			isa = XCConfigurationList;
			buildConfigurations = (
				A364B5E921596E4D0039177F /* Debug */,
				A364B5EA21596E4D0039177F /* Release */,
			);
			defaultConfigurationIsVisible = 0;
			defaultConfigurationName = Release;
		};
		A364B5EB21596E4D0039177F /* Build configuration list for PBXNativeTarget "MVC" */ = {
			isa = XCConfigurationList;
			buildConfigurations = (
				A364B5EC21596E4D0039177F /* Debug */,
				A364B5ED21596E4D0039177F /* Release */,
			);
			defaultConfigurationIsVisible = 0;
			defaultConfigurationName = Release;
		};
/* End XCConfigurationList section */
	};
	rootObject = A364B5D121596E4B0039177F /* Project object */;
}
