// !$*UTF8*$!
{
	archiveVersion = 1;
	classes = {
	};
	objectVersion = 50;
	objects = {

/* Begin PBXBuildFile section */
		0A4B17CE274E95D12025C9C0 /* Pods_StarTrivia.framework in Frameworks */ = {isa = PBXBuildFile; fileRef = 1D23AF94A6AD443825BBA041 /* Pods_StarTrivia.framework */; };
		A33EEBEF21610DB20085271E /* AppDelegate.swift in Sources */ = {isa = PBXBuildFile; fileRef = A33EEBEE21610DB20085271E /* AppDelegate.swift */; };
		A33EEBF121610DB20085271E /* SelectPersonVC.swift in Sources */ = {isa = PBXBuildFile; fileRef = A33EEBF021610DB20085271E /* SelectPersonVC.swift */; };
		A33EEBF421610DB20085271E /* Main.storyboard in Resources */ = {isa = PBXBuildFile; fileRef = A33EEBF221610DB20085271E /* Main.storyboard */; };
		A33EEBF621610DB50085271E /* Assets.xcassets in Resources */ = {isa = PBXBuildFile; fileRef = A33EEBF521610DB50085271E /* Assets.xcassets */; };
		A33EEBF921610DB50085271E /* LaunchScreen.storyboard in Resources */ = {isa = PBXBuildFile; fileRef = A33EEBF721610DB50085271E /* LaunchScreen.storyboard */; };
		A33EEC03216115C60085271E /* Starjedi.ttf in Resources */ = {isa = PBXBuildFile; fileRef = A33EEC00216115C60085271E /* Starjedi.ttf */; };
		A33EEC04216115C60085271E /* Starjhol.ttf in Resources */ = {isa = PBXBuildFile; fileRef = A33EEC01216115C60085271E /* Starjhol.ttf */; };
		A33EEC05216115C60085271E /* Starjout.ttf in Resources */ = {isa = PBXBuildFile; fileRef = A33EEC02216115C60085271E /* Starjout.ttf */; };
		A33EEC0C216120380085271E /* BlackBgView.swift in Sources */ = {isa = PBXBuildFile; fileRef = A33EEC0B216120380085271E /* BlackBgView.swift */; };
		A33EEC11216120E50085271E /* Constants.swift in Sources */ = {isa = PBXBuildFile; fileRef = A33EEC10216120E50085271E /* Constants.swift */; };
		A384629C216BAB890031B14B /* Starship.swift in Sources */ = {isa = PBXBuildFile; fileRef = A384629B216BAB890031B14B /* Starship.swift */; };
		A384629E216BACA80031B14B /* StarshipApi.swift in Sources */ = {isa = PBXBuildFile; fileRef = A384629D216BACA80031B14B /* StarshipApi.swift */; };
		A38F33E9216B25EF00773DC3 /* Homeworld.swift in Sources */ = {isa = PBXBuildFile; fileRef = A38F33E8216B25EF00773DC3 /* Homeworld.swift */; };
		A38F33EB216B264700773DC3 /* HomeworldApi.swift in Sources */ = {isa = PBXBuildFile; fileRef = A38F33EA216B264700773DC3 /* HomeworldApi.swift */; };
		A38F33ED216B378600773DC3 /* Vehicle.swift in Sources */ = {isa = PBXBuildFile; fileRef = A38F33EC216B378600773DC3 /* Vehicle.swift */; };
		A38F33EF216B38B900773DC3 /* VehicleApi.swift in Sources */ = {isa = PBXBuildFile; fileRef = A38F33EE216B38B900773DC3 /* VehicleApi.swift */; };
		A3B168A5216A90D5007D9DD5 /* FadeEnabledBtn.swift in Sources */ = {isa = PBXBuildFile; fileRef = A3B168A4216A90D5007D9DD5 /* FadeEnabledBtn.swift */; };
		A3B168A7216AB81A007D9DD5 /* HomeworldVC.swift in Sources */ = {isa = PBXBuildFile; fileRef = A3B168A6216AB81A007D9DD5 /* HomeworldVC.swift */; };
		A3B168A9216AB82A007D9DD5 /* VehiclesVC.swift in Sources */ = {isa = PBXBuildFile; fileRef = A3B168A8216AB82A007D9DD5 /* VehiclesVC.swift */; };
		A3B168AB216AB838007D9DD5 /* StarshipsVC.swift in Sources */ = {isa = PBXBuildFile; fileRef = A3B168AA216AB838007D9DD5 /* StarshipsVC.swift */; };
		A3B168AD216AB845007D9DD5 /* FilmsVC.swift in Sources */ = {isa = PBXBuildFile; fileRef = A3B168AC216AB845007D9DD5 /* FilmsVC.swift */; };
		A3F78FF8216259720010DDBE /* PersonApi.swift in Sources */ = {isa = PBXBuildFile; fileRef = A3F78FF7216259720010DDBE /* PersonApi.swift */; };
		A3F78FFA21625F190010DDBE /* Person.swift in Sources */ = {isa = PBXBuildFile; fileRef = A3F78FF921625F190010DDBE /* Person.swift */; };
/* End PBXBuildFile section */

/* Begin PBXFileReference section */
		171FD0A0E9ADDE368EC51B94 /* Pods-StarTrivia.release.xcconfig */ = {isa = PBXFileReference; includeInIndex = 1; lastKnownFileType = text.xcconfig; name = "Pods-StarTrivia.release.xcconfig"; path = "Pods/Target Support Files/Pods-StarTrivia/Pods-StarTrivia.release.xcconfig"; sourceTree = "<group>"; };
		1D23AF94A6AD443825BBA041 /* Pods_StarTrivia.framework */ = {isa = PBXFileReference; explicitFileType = wrapper.framework; includeInIndex = 0; path = Pods_StarTrivia.framework; sourceTree = BUILT_PRODUCTS_DIR; };
		9A8D55DAE2A78928344BD4BA /* Pods-StarTrivia.debug.xcconfig */ = {isa = PBXFileReference; includeInIndex = 1; lastKnownFileType = text.xcconfig; name = "Pods-StarTrivia.debug.xcconfig"; path = "Pods/Target Support Files/Pods-StarTrivia/Pods-StarTrivia.debug.xcconfig"; sourceTree = "<group>"; };
		A33EEBEB21610DB20085271E /* StarTrivia.app */ = {isa = PBXFileReference; explicitFileType = wrapper.application; includeInIndex = 0; path = StarTrivia.app; sourceTree = BUILT_PRODUCTS_DIR; };
		A33EEBEE21610DB20085271E /* AppDelegate.swift */ = {isa = PBXFileReference; lastKnownFileType = sourcecode.swift; path = AppDelegate.swift; sourceTree = "<group>"; };
		A33EEBF021610DB20085271E /* SelectPersonVC.swift */ = {isa = PBXFileReference; lastKnownFileType = sourcecode.swift; path = SelectPersonVC.swift; sourceTree = "<group>"; };
		A33EEBF321610DB20085271E /* Base */ = {isa = PBXFileReference; lastKnownFileType = file.storyboard; name = Base; path = Base.lproj/Main.storyboard; sourceTree = "<group>"; };
		A33EEBF521610DB50085271E /* Assets.xcassets */ = {isa = PBXFileReference; lastKnownFileType = folder.assetcatalog; path = Assets.xcassets; sourceTree = "<group>"; };
		A33EEBF821610DB50085271E /* Base */ = {isa = PBXFileReference; lastKnownFileType = file.storyboard; name = Base; path = Base.lproj/LaunchScreen.storyboard; sourceTree = "<group>"; };
		A33EEBFA21610DB50085271E /* Info.plist */ = {isa = PBXFileReference; lastKnownFileType = text.plist.xml; path = Info.plist; sourceTree = "<group>"; };
		A33EEC00216115C60085271E /* Starjedi.ttf */ = {isa = PBXFileReference; lastKnownFileType = file; path = Starjedi.ttf; sourceTree = "<group>"; };
		A33EEC01216115C60085271E /* Starjhol.ttf */ = {isa = PBXFileReference; lastKnownFileType = file; path = Starjhol.ttf; sourceTree = "<group>"; };
		A33EEC02216115C60085271E /* Starjout.ttf */ = {isa = PBXFileReference; lastKnownFileType = file; path = Starjout.ttf; sourceTree = "<group>"; };
		A33EEC0B216120380085271E /* BlackBgView.swift */ = {isa = PBXFileReference; lastKnownFileType = sourcecode.swift; path = BlackBgView.swift; sourceTree = "<group>"; };
		A33EEC10216120E50085271E /* Constants.swift */ = {isa = PBXFileReference; lastKnownFileType = sourcecode.swift; path = Constants.swift; sourceTree = "<group>"; };
		A384629B216BAB890031B14B /* Starship.swift */ = {isa = PBXFileReference; lastKnownFileType = sourcecode.swift; path = Starship.swift; sourceTree = "<group>"; };
		A384629D216BACA80031B14B /* StarshipApi.swift */ = {isa = PBXFileReference; lastKnownFileType = sourcecode.swift; path = StarshipApi.swift; sourceTree = "<group>"; };
		A38F33E8216B25EF00773DC3 /* Homeworld.swift */ = {isa = PBXFileReference; lastKnownFileType = sourcecode.swift; path = Homeworld.swift; sourceTree = "<group>"; };
		A38F33EA216B264700773DC3 /* HomeworldApi.swift */ = {isa = PBXFileReference; lastKnownFileType = sourcecode.swift; path = HomeworldApi.swift; sourceTree = "<group>"; };
		A38F33EC216B378600773DC3 /* Vehicle.swift */ = {isa = PBXFileReference; lastKnownFileType = sourcecode.swift; path = Vehicle.swift; sourceTree = "<group>"; };
		A38F33EE216B38B900773DC3 /* VehicleApi.swift */ = {isa = PBXFileReference; lastKnownFileType = sourcecode.swift; path = VehicleApi.swift; sourceTree = "<group>"; };
		A3B168A4216A90D5007D9DD5 /* FadeEnabledBtn.swift */ = {isa = PBXFileReference; lastKnownFileType = sourcecode.swift; path = FadeEnabledBtn.swift; sourceTree = "<group>"; };
		A3B168A6216AB81A007D9DD5 /* HomeworldVC.swift */ = {isa = PBXFileReference; lastKnownFileType = sourcecode.swift; path = HomeworldVC.swift; sourceTree = "<group>"; };
		A3B168A8216AB82A007D9DD5 /* VehiclesVC.swift */ = {isa = PBXFileReference; lastKnownFileType = sourcecode.swift; path = VehiclesVC.swift; sourceTree = "<group>"; };
		A3B168AA216AB838007D9DD5 /* StarshipsVC.swift */ = {isa = PBXFileReference; lastKnownFileType = sourcecode.swift; path = StarshipsVC.swift; sourceTree = "<group>"; };
		A3B168AC216AB845007D9DD5 /* FilmsVC.swift */ = {isa = PBXFileReference; lastKnownFileType = sourcecode.swift; path = FilmsVC.swift; sourceTree = "<group>"; };
		A3F78FF7216259720010DDBE /* PersonApi.swift */ = {isa = PBXFileReference; lastKnownFileType = sourcecode.swift; path = PersonApi.swift; sourceTree = "<group>"; };
		A3F78FF921625F190010DDBE /* Person.swift */ = {isa = PBXFileReference; lastKnownFileType = sourcecode.swift; path = Person.swift; sourceTree = "<group>"; };
/* End PBXFileReference section */

/* Begin PBXFrameworksBuildPhase section */
		A33EEBE821610DB20085271E /* Frameworks */ = {
			isa = PBXFrameworksBuildPhase;
			buildActionMask = 2147483647;
			files = (
				0A4B17CE274E95D12025C9C0 /* Pods_StarTrivia.framework in Frameworks */,
			);
			runOnlyForDeploymentPostprocessing = 0;
		};
/* End PBXFrameworksBuildPhase section */

/* Begin PBXGroup section */
		0E3FFB469588492C34A6C8BC /* Pods */ = {
			isa = PBXGroup;
			children = (
				9A8D55DAE2A78928344BD4BA /* Pods-StarTrivia.debug.xcconfig */,
				171FD0A0E9ADDE368EC51B94 /* Pods-StarTrivia.release.xcconfig */,
			);
			name = Pods;
			sourceTree = "<group>";
		};
		25DF59A183E4EA0F52371A11 /* Frameworks */ = {
			isa = PBXGroup;
			children = (
				1D23AF94A6AD443825BBA041 /* Pods_StarTrivia.framework */,
			);
			name = Frameworks;
			sourceTree = "<group>";
		};
		A33EEBE221610DB20085271E = {
			isa = PBXGroup;
			children = (
				A33EEBED21610DB20085271E /* StarTrivia */,
				A33EEBEC21610DB20085271E /* Products */,
				0E3FFB469588492C34A6C8BC /* Pods */,
				25DF59A183E4EA0F52371A11 /* Frameworks */,
			);
			sourceTree = "<group>";
		};
		A33EEBEC21610DB20085271E /* Products */ = {
			isa = PBXGroup;
			children = (
				A33EEBEB21610DB20085271E /* StarTrivia.app */,
			);
			name = Products;
			sourceTree = "<group>";
		};
		A33EEBED21610DB20085271E /* StarTrivia */ = {
			isa = PBXGroup;
			children = (
				A33EEC0A216116510085271E /* Model */,
				A33EEC092161164B0085271E /* View */,
				A33EEC08216116440085271E /* Controller */,
				A33EEBEE21610DB20085271E /* AppDelegate.swift */,
				A3F78FF6216259440010DDBE /* Services */,
				A33EEC0D216120B70085271E /* Utils */,
				A33EEC07216115F60085271E /* Resources */,
				A33EEBF221610DB20085271E /* Main.storyboard */,
				A33EEBF521610DB50085271E /* Assets.xcassets */,
				A33EEBF721610DB50085271E /* LaunchScreen.storyboard */,
				A33EEBFA21610DB50085271E /* Info.plist */,
			);
			path = StarTrivia;
			sourceTree = "<group>";
		};
		A33EEC06216115D40085271E /* Font */ = {
			isa = PBXGroup;
			children = (
				A33EEC00216115C60085271E /* Starjedi.ttf */,
				A33EEC01216115C60085271E /* Starjhol.ttf */,
				A33EEC02216115C60085271E /* Starjout.ttf */,
			);
			path = Font;
			sourceTree = "<group>";
		};
		A33EEC07216115F60085271E /* Resources */ = {
			isa = PBXGroup;
			children = (
				A33EEC06216115D40085271E /* Font */,
			);
			path = Resources;
			sourceTree = "<group>";
		};
		A33EEC08216116440085271E /* Controller */ = {
			isa = PBXGroup;
			children = (
				A33EEBF021610DB20085271E /* SelectPersonVC.swift */,
				A3B168A6216AB81A007D9DD5 /* HomeworldVC.swift */,
				A3B168A8216AB82A007D9DD5 /* VehiclesVC.swift */,
				A3B168AA216AB838007D9DD5 /* StarshipsVC.swift */,
				A3B168AC216AB845007D9DD5 /* FilmsVC.swift */,
			);
			path = Controller;
			sourceTree = "<group>";
		};
		A33EEC092161164B0085271E /* View */ = {
			isa = PBXGroup;
			children = (
				A33EEC0B216120380085271E /* BlackBgView.swift */,
				A3B168A4216A90D5007D9DD5 /* FadeEnabledBtn.swift */,
			);
			path = View;
			sourceTree = "<group>";
		};
		A33EEC0A216116510085271E /* Model */ = {
			isa = PBXGroup;
			children = (
				A3F78FF921625F190010DDBE /* Person.swift */,
				A38F33E8216B25EF00773DC3 /* Homeworld.swift */,
				A38F33EC216B378600773DC3 /* Vehicle.swift */,
				A384629B216BAB890031B14B /* Starship.swift */,
			);
			path = Model;
			sourceTree = "<group>";
		};
		A33EEC0D216120B70085271E /* Utils */ = {
			isa = PBXGroup;
			children = (
				A33EEC10216120E50085271E /* Constants.swift */,
			);
			path = Utils;
			sourceTree = "<group>";
		};
		A3F78FF6216259440010DDBE /* Services */ = {
			isa = PBXGroup;
			children = (
				A3F78FF7216259720010DDBE /* PersonApi.swift */,
				A38F33EA216B264700773DC3 /* HomeworldApi.swift */,
				A38F33EE216B38B900773DC3 /* VehicleApi.swift */,
				A384629D216BACA80031B14B /* StarshipApi.swift */,
			);
			path = Services;
			sourceTree = "<group>";
		};
/* End PBXGroup section */

/* Begin PBXNativeTarget section */
		A33EEBEA21610DB20085271E /* StarTrivia */ = {
			isa = PBXNativeTarget;
			buildConfigurationList = A33EEBFD21610DB50085271E /* Build configuration list for PBXNativeTarget "StarTrivia" */;
			buildPhases = (
				40C6F5A77AEAA9D24F199483 /* [CP] Check Pods Manifest.lock */,
				A33EEBE721610DB20085271E /* Sources */,
				A33EEBE821610DB20085271E /* Frameworks */,
				A33EEBE921610DB20085271E /* Resources */,
				FC6C506ED9A972AC55A88DDF /* [CP] Embed Pods Frameworks */,
			);
			buildRules = (
			);
			dependencies = (
			);
			name = StarTrivia;
			productName = StarTrivia;
			productReference = A33EEBEB21610DB20085271E /* StarTrivia.app */;
			productType = "com.apple.product-type.application";
		};
/* End PBXNativeTarget section */

/* Begin PBXProject section */
		A33EEBE321610DB20085271E /* Project object */ = {
			isa = PBXProject;
			attributes = {
				LastSwiftUpdateCheck = 1000;
				LastUpgradeCheck = 1000;
				ORGANIZATIONNAME = "Romell Bolton";
				TargetAttributes = {
					A33EEBEA21610DB20085271E = {
						CreatedOnToolsVersion = 10.0;
					};
				};
			};
			buildConfigurationList = A33EEBE621610DB20085271E /* Build configuration list for PBXProject "StarTrivia" */;
			compatibilityVersion = "Xcode 9.3";
			developmentRegion = en;
			hasScannedForEncodings = 0;
			knownRegions = (
				en,
				Base,
			);
			mainGroup = A33EEBE221610DB20085271E;
			productRefGroup = A33EEBEC21610DB20085271E /* Products */;
			projectDirPath = "";
			projectRoot = "";
			targets = (
				A33EEBEA21610DB20085271E /* StarTrivia */,
			);
		};
/* End PBXProject section */

/* Begin PBXResourcesBuildPhase section */
		A33EEBE921610DB20085271E /* Resources */ = {
			isa = PBXResourcesBuildPhase;
			buildActionMask = 2147483647;
			files = (
				A33EEBF921610DB50085271E /* LaunchScreen.storyboard in Resources */,
				A33EEBF621610DB50085271E /* Assets.xcassets in Resources */,
				A33EEC03216115C60085271E /* Starjedi.ttf in Resources */,
				A33EEC04216115C60085271E /* Starjhol.ttf in Resources */,
				A33EEC05216115C60085271E /* Starjout.ttf in Resources */,
				A33EEBF421610DB20085271E /* Main.storyboard in Resources */,
			);
			runOnlyForDeploymentPostprocessing = 0;
		};
/* End PBXResourcesBuildPhase section */

/* Begin PBXShellScriptBuildPhase section */
		40C6F5A77AEAA9D24F199483 /* [CP] Check Pods Manifest.lock */ = {
			isa = PBXShellScriptBuildPhase;
			buildActionMask = 2147483647;
			files = (
			);
			inputPaths = (
				"${PODS_PODFILE_DIR_PATH}/Podfile.lock",
				"${PODS_ROOT}/Manifest.lock",
			);
			name = "[CP] Check Pods Manifest.lock";
			outputPaths = (
				"$(DERIVED_FILE_DIR)/Pods-StarTrivia-checkManifestLockResult.txt",
			);
			runOnlyForDeploymentPostprocessing = 0;
			shellPath = /bin/sh;
			shellScript = "diff \"${PODS_PODFILE_DIR_PATH}/Podfile.lock\" \"${PODS_ROOT}/Manifest.lock\" > /dev/null\nif [ $? != 0 ] ; then\n    # print error to STDERR\n    echo \"error: The sandbox is not in sync with the Podfile.lock. Run 'pod install' or update your CocoaPods installation.\" >&2\n    exit 1\nfi\n# This output is used by Xcode 'outputs' to avoid re-running this script phase.\necho \"SUCCESS\" > \"${SCRIPT_OUTPUT_FILE_0}\"\n";
			showEnvVarsInLog = 0;
		};
		FC6C506ED9A972AC55A88DDF /* [CP] Embed Pods Frameworks */ = {
			isa = PBXShellScriptBuildPhase;
			buildActionMask = 2147483647;
			files = (
			);
			inputPaths = (
				"${SRCROOT}/Pods/Target Support Files/Pods-StarTrivia/Pods-StarTrivia-frameworks.sh",
				"${BUILT_PRODUCTS_DIR}/Alamofire/Alamofire.framework",
				"${BUILT_PRODUCTS_DIR}/SwiftyJSON/SwiftyJSON.framework",
			);
			name = "[CP] Embed Pods Frameworks";
			outputPaths = (
				"${TARGET_BUILD_DIR}/${FRAMEWORKS_FOLDER_PATH}/Alamofire.framework",
				"${TARGET_BUILD_DIR}/${FRAMEWORKS_FOLDER_PATH}/SwiftyJSON.framework",
			);
			runOnlyForDeploymentPostprocessing = 0;
			shellPath = /bin/sh;
			shellScript = "\"${SRCROOT}/Pods/Target Support Files/Pods-StarTrivia/Pods-StarTrivia-frameworks.sh\"\n";
			showEnvVarsInLog = 0;
		};
/* End PBXShellScriptBuildPhase section */

/* Begin PBXSourcesBuildPhase section */
		A33EEBE721610DB20085271E /* Sources */ = {
			isa = PBXSourcesBuildPhase;
			buildActionMask = 2147483647;
			files = (
				A3B168A5216A90D5007D9DD5 /* FadeEnabledBtn.swift in Sources */,
				A3F78FFA21625F190010DDBE /* Person.swift in Sources */,
				A3B168AB216AB838007D9DD5 /* StarshipsVC.swift in Sources */,
				A38F33E9216B25EF00773DC3 /* Homeworld.swift in Sources */,
				A38F33ED216B378600773DC3 /* Vehicle.swift in Sources */,
				A3B168A9216AB82A007D9DD5 /* VehiclesVC.swift in Sources */,
				A38F33EF216B38B900773DC3 /* VehicleApi.swift in Sources */,
				A384629E216BACA80031B14B /* StarshipApi.swift in Sources */,
				A384629C216BAB890031B14B /* Starship.swift in Sources */,
				A38F33EB216B264700773DC3 /* HomeworldApi.swift in Sources */,
				A33EEBF121610DB20085271E /* SelectPersonVC.swift in Sources */,
				A33EEBEF21610DB20085271E /* AppDelegate.swift in Sources */,
				A33EEC0C216120380085271E /* BlackBgView.swift in Sources */,
				A3F78FF8216259720010DDBE /* PersonApi.swift in Sources */,
				A3B168AD216AB845007D9DD5 /* FilmsVC.swift in Sources */,
				A3B168A7216AB81A007D9DD5 /* HomeworldVC.swift in Sources */,
				A33EEC11216120E50085271E /* Constants.swift in Sources */,
			);
			runOnlyForDeploymentPostprocessing = 0;
		};
/* End PBXSourcesBuildPhase section */

/* Begin PBXVariantGroup section */
		A33EEBF221610DB20085271E /* Main.storyboard */ = {
			isa = PBXVariantGroup;
			children = (
				A33EEBF321610DB20085271E /* Base */,
			);
			name = Main.storyboard;
			sourceTree = "<group>";
		};
		A33EEBF721610DB50085271E /* LaunchScreen.storyboard */ = {
			isa = PBXVariantGroup;
			children = (
				A33EEBF821610DB50085271E /* Base */,
			);
			name = LaunchScreen.storyboard;
			sourceTree = "<group>";
		};
/* End PBXVariantGroup section */

/* Begin XCBuildConfiguration section */
		A33EEBFB21610DB50085271E /* Debug */ = {
			isa = XCBuildConfiguration;
			buildSettings = {
				ALWAYS_SEARCH_USER_PATHS = NO;
				CLANG_ANALYZER_NONNULL = YES;
				CLANG_ANALYZER_NUMBER_OBJECT_CONVERSION = YES_AGGRESSIVE;
				CLANG_CXX_LANGUAGE_STANDARD = "gnu++14";
				CLANG_CXX_LIBRARY = "libc++";
				CLANG_ENABLE_MODULES = YES;
				CLANG_ENABLE_OBJC_ARC = YES;
				CLANG_ENABLE_OBJC_WEAK = YES;
				CLANG_WARN_BLOCK_CAPTURE_AUTORELEASING = YES;
				CLANG_WARN_BOOL_CONVERSION = YES;
				CLANG_WARN_COMMA = YES;
				CLANG_WARN_CONSTANT_CONVERSION = YES;
				CLANG_WARN_DEPRECATED_OBJC_IMPLEMENTATIONS = YES;
				CLANG_WARN_DIRECT_OBJC_ISA_USAGE = YES_ERROR;
				CLANG_WARN_DOCUMENTATION_COMMENTS = YES;
				CLANG_WARN_EMPTY_BODY = YES;
				CLANG_WARN_ENUM_CONVERSION = YES;
				CLANG_WARN_INFINITE_RECURSION = YES;
				CLANG_WARN_INT_CONVERSION = YES;
				CLANG_WARN_NON_LITERAL_NULL_CONVERSION = YES;
				CLANG_WARN_OBJC_IMPLICIT_RETAIN_SELF = YES;
				CLANG_WARN_OBJC_LITERAL_CONVERSION = YES;
				CLANG_WARN_OBJC_ROOT_CLASS = YES_ERROR;
				CLANG_WARN_RANGE_LOOP_ANALYSIS = YES;
				CLANG_WARN_STRICT_PROTOTYPES = YES;
				CLANG_WARN_SUSPICIOUS_MOVE = YES;
				CLANG_WARN_UNGUARDED_AVAILABILITY = YES_AGGRESSIVE;
				CLANG_WARN_UNREACHABLE_CODE = YES;
				CLANG_WARN__DUPLICATE_METHOD_MATCH = YES;
				CODE_SIGN_IDENTITY = "iPhone Developer";
				COPY_PHASE_STRIP = NO;
				DEBUG_INFORMATION_FORMAT = dwarf;
				ENABLE_STRICT_OBJC_MSGSEND = YES;
				ENABLE_TESTABILITY = YES;
				GCC_C_LANGUAGE_STANDARD = gnu11;
				GCC_DYNAMIC_NO_PIC = NO;
				GCC_NO_COMMON_BLOCKS = YES;
				GCC_OPTIMIZATION_LEVEL = 0;
				GCC_PREPROCESSOR_DEFINITIONS = (
					"DEBUG=1",
					"$(inherited)",
				);
				GCC_WARN_64_TO_32_BIT_CONVERSION = YES;
				GCC_WARN_ABOUT_RETURN_TYPE = YES_ERROR;
				GCC_WARN_UNDECLARED_SELECTOR = YES;
				GCC_WARN_UNINITIALIZED_AUTOS = YES_AGGRESSIVE;
				GCC_WARN_UNUSED_FUNCTION = YES;
				GCC_WARN_UNUSED_VARIABLE = YES;
				IPHONEOS_DEPLOYMENT_TARGET = 12.0;
				MTL_ENABLE_DEBUG_INFO = INCLUDE_SOURCE;
				MTL_FAST_MATH = YES;
				ONLY_ACTIVE_ARCH = YES;
				SDKROOT = iphoneos;
				SWIFT_ACTIVE_COMPILATION_CONDITIONS = DEBUG;
				SWIFT_OPTIMIZATION_LEVEL = "-Onone";
			};
			name = Debug;
		};
		A33EEBFC21610DB50085271E /* Release */ = {
			isa = XCBuildConfiguration;
			buildSettings = {
				ALWAYS_SEARCH_USER_PATHS = NO;
				CLANG_ANALYZER_NONNULL = YES;
				CLANG_ANALYZER_NUMBER_OBJECT_CONVERSION = YES_AGGRESSIVE;
				CLANG_CXX_LANGUAGE_STANDARD = "gnu++14";
				CLANG_CXX_LIBRARY = "libc++";
				CLANG_ENABLE_MODULES = YES;
				CLANG_ENABLE_OBJC_ARC = YES;
				CLANG_ENABLE_OBJC_WEAK = YES;
				CLANG_WARN_BLOCK_CAPTURE_AUTORELEASING = YES;
				CLANG_WARN_BOOL_CONVERSION = YES;
				CLANG_WARN_COMMA = YES;
				CLANG_WARN_CONSTANT_CONVERSION = YES;
				CLANG_WARN_DEPRECATED_OBJC_IMPLEMENTATIONS = YES;
				CLANG_WARN_DIRECT_OBJC_ISA_USAGE = YES_ERROR;
				CLANG_WARN_DOCUMENTATION_COMMENTS = YES;
				CLANG_WARN_EMPTY_BODY = YES;
				CLANG_WARN_ENUM_CONVERSION = YES;
				CLANG_WARN_INFINITE_RECURSION = YES;
				CLANG_WARN_INT_CONVERSION = YES;
				CLANG_WARN_NON_LITERAL_NULL_CONVERSION = YES;
				CLANG_WARN_OBJC_IMPLICIT_RETAIN_SELF = YES;
				CLANG_WARN_OBJC_LITERAL_CONVERSION = YES;
				CLANG_WARN_OBJC_ROOT_CLASS = YES_ERROR;
				CLANG_WARN_RANGE_LOOP_ANALYSIS = YES;
				CLANG_WARN_STRICT_PROTOTYPES = YES;
				CLANG_WARN_SUSPICIOUS_MOVE = YES;
				CLANG_WARN_UNGUARDED_AVAILABILITY = YES_AGGRESSIVE;
				CLANG_WARN_UNREACHABLE_CODE = YES;
				CLANG_WARN__DUPLICATE_METHOD_MATCH = YES;
				CODE_SIGN_IDENTITY = "iPhone Developer";
				COPY_PHASE_STRIP = NO;
				DEBUG_INFORMATION_FORMAT = "dwarf-with-dsym";
				ENABLE_NS_ASSERTIONS = NO;
				ENABLE_STRICT_OBJC_MSGSEND = YES;
				GCC_C_LANGUAGE_STANDARD = gnu11;
				GCC_NO_COMMON_BLOCKS = YES;
				GCC_WARN_64_TO_32_BIT_CONVERSION = YES;
				GCC_WARN_ABOUT_RETURN_TYPE = YES_ERROR;
				GCC_WARN_UNDECLARED_SELECTOR = YES;
				GCC_WARN_UNINITIALIZED_AUTOS = YES_AGGRESSIVE;
				GCC_WARN_UNUSED_FUNCTION = YES;
				GCC_WARN_UNUSED_VARIABLE = YES;
				IPHONEOS_DEPLOYMENT_TARGET = 12.0;
				MTL_ENABLE_DEBUG_INFO = NO;
				MTL_FAST_MATH = YES;
				SDKROOT = iphoneos;
				SWIFT_COMPILATION_MODE = wholemodule;
				SWIFT_OPTIMIZATION_LEVEL = "-O";
				VALIDATE_PRODUCT = YES;
			};
			name = Release;
		};
		A33EEBFE21610DB50085271E /* Debug */ = {
			isa = XCBuildConfiguration;
			baseConfigurationReference = 9A8D55DAE2A78928344BD4BA /* Pods-StarTrivia.debug.xcconfig */;
			buildSettings = {
				ASSETCATALOG_COMPILER_APPICON_NAME = AppIcon;
				CODE_SIGN_STYLE = Automatic;
				DEVELOPMENT_TEAM = XQ87AL2NL5;
				INFOPLIST_FILE = StarTrivia/Info.plist;
				LD_RUNPATH_SEARCH_PATHS = (
					"$(inherited)",
					"@executable_path/Frameworks",
				);
				PRODUCT_BUNDLE_IDENTIFIER = com.romellbolton.StarTrivia;
				PRODUCT_NAME = "$(TARGET_NAME)";
				SWIFT_VERSION = 4.2;
				TARGETED_DEVICE_FAMILY = "1,2";
			};
			name = Debug;
		};
		A33EEBFF21610DB50085271E /* Release */ = {
			isa = XCBuildConfiguration;
			baseConfigurationReference = 171FD0A0E9ADDE368EC51B94 /* Pods-StarTrivia.release.xcconfig */;
			buildSettings = {
				ASSETCATALOG_COMPILER_APPICON_NAME = AppIcon;
				CODE_SIGN_STYLE = Automatic;
				DEVELOPMENT_TEAM = XQ87AL2NL5;
				INFOPLIST_FILE = StarTrivia/Info.plist;
				LD_RUNPATH_SEARCH_PATHS = (
					"$(inherited)",
					"@executable_path/Frameworks",
				);
				PRODUCT_BUNDLE_IDENTIFIER = com.romellbolton.StarTrivia;
				PRODUCT_NAME = "$(TARGET_NAME)";
				SWIFT_VERSION = 4.2;
				TARGETED_DEVICE_FAMILY = "1,2";
			};
			name = Release;
		};
/* End XCBuildConfiguration section */

/* Begin XCConfigurationList section */
		A33EEBE621610DB20085271E /* Build configuration list for PBXProject "StarTrivia" */ = {
			isa = XCConfigurationList;
			buildConfigurations = (
				A33EEBFB21610DB50085271E /* Debug */,
				A33EEBFC21610DB50085271E /* Release */,
			);
			defaultConfigurationIsVisible = 0;
			defaultConfigurationName = Release;
		};
		A33EEBFD21610DB50085271E /* Build configuration list for PBXNativeTarget "StarTrivia" */ = {
			isa = XCConfigurationList;
			buildConfigurations = (
				A33EEBFE21610DB50085271E /* Debug */,
				A33EEBFF21610DB50085271E /* Release */,
			);
			defaultConfigurationIsVisible = 0;
			defaultConfigurationName = Release;
		};
/* End XCConfigurationList section */
	};
	rootObject = A33EEBE321610DB20085271E /* Project object */;
}
